github.com/barchart/barchart-ondemand-client-golang v0.0.0-20180730195801-bdff74c02147 h1:8Gnydm50If7dSOOmhe291dmqzhPG4A/ArErwmpVvKsM=
github.com/barchart/barchart-ondemand-client-golang v0.0.0-20180730195801-bdff74c02147/go.mod h1:MimYc9+91/Zv5GSVFsFccDJOLusYOrU497KOP2N8DrY=
github.com/mattn/go-runewidth v0.0.3 h1:a+kO+98RDGEfo6asOGMmpodZq4FNtnGP54yps8BzLR4=
github.com/mattn/go-runewidth v0.0.3/go.mod h1:LwmH8dsx7+W8Uxz3IHJYH5QSwggIsqBzpuz5H//U1FU=
github.com/michaeldv/termbox-go v0.0.0-20150618033820-675ffd907b74 h1:o+YJiWzDT0dl4yBMtNlBi1NYgdC1+XIHKpzanWhaq6c=
github.com/michaeldv/termbox-go v0.0.0-20150618033820-675ffd907b74/go.mod h1:zUOZhp/yJj5nZiCuISdKpGwrykA24Kc5Dck9YxKPsdY=
github.com/mop-tracker/mop v0.2.0 h1:LTxxC4EcAGPYbr8IUYXQPKpMBPYiPiBLm4h2Dva3C4M=
github.com/mop-tracker/mop v0.2.0/go.mod h1:A/jWfDtxajf36m3w55r7YYKYG7PNOULfMStTz+cMjBA=
